
Microsoft Visual Studio Solution File, Format Version 12.00
# Visual Studio Version 16
VisualStudioVersion = 16.0.31410.357
MinimumVisualStudioVersion = 10.0.40219.1
Project("{FAE04EC0-301F-11D3-BF4B-00C04F79EFBC}") = "RungeKuttaVisualStudio", "RungeKuttaVisualStudio\RungeKuttaVisualStudio.csproj", "{96359823-D67F-45A9-BBB8-0EBF243ADD6E}"
EndProject
Global
	GlobalSection(SolutionConfigurationPlatforms) = preSolution
		Debug|Any CPU = Debug|Any CPU
		Release|Any CPU = Release|Any CPU
	EndGlobalSection
	GlobalSection(ProjectConfigurationPlatforms) = postSolution
		{96359823-D67F-45A9-BBB8-0EBF243ADD6E}.Debug|Any CPU.ActiveCfg = Debug|Any CPU
		{96359823-D67F-45A9-BBB8-0EBF243ADD6E}.Debug|Any CPU.Build.0 = Debug|Any CPU
		{96359823-D67F-45A9-BBB8-0EBF243ADD6E}.Release|Any CPU.ActiveCfg = Release|Any CPU
		{96359823-D67F-45A9-BBB8-0EBF243ADD6E}.Release|Any CPU.Build.0 = Release|Any CPU
	EndGlobalSection
	GlobalSection(SolutionProperties) = preSolution
		HideSolutionNode = FALSE
	EndGlobalSection
	GlobalSection(ExtensibilityGlobals) = postSolution
		SolutionGuid = {8CB817C4-C3EF-424A-908E-EB98F57A61B1}
	EndGlobalSection
EndGlobal
